// !$*UTF8*$!
{
	archiveVersion = 1;
	classes = {
	};
	objectVersion = 55;
	objects = {

/* Begin PBXBuildFile section */
		9F4551AA27E4B5D500836030 /* AppDelegate.swift in Sources */ = {isa = PBXBuildFile; fileRef = 9F4551A927E4B5D500836030 /* AppDelegate.swift */; };
		9F4551AC27E4B5D500836030 /* SceneDelegate.swift in Sources */ = {isa = PBXBuildFile; fileRef = 9F4551AB27E4B5D500836030 /* SceneDelegate.swift */; };
		9F4551B127E4B5D500836030 /* Main.storyboard in Resources */ = {isa = PBXBuildFile; fileRef = 9F4551AF27E4B5D500836030 /* Main.storyboard */; };
		9F4551B427E4B5D500836030 /* ToDoList.xcdatamodeld in Sources */ = {isa = PBXBuildFile; fileRef = 9F4551B227E4B5D500836030 /* ToDoList.xcdatamodeld */; };
		9F4551B627E4B5D600836030 /* Assets.xcassets in Resources */ = {isa = PBXBuildFile; fileRef = 9F4551B527E4B5D600836030 /* Assets.xcassets */; };
		9F4551B927E4B5D600836030 /* LaunchScreen.storyboard in Resources */ = {isa = PBXBuildFile; fileRef = 9F4551B727E4B5D600836030 /* LaunchScreen.storyboard */; };
		9F4551C827E4B81500836030 /* TaskListController.swift in Sources */ = {isa = PBXBuildFile; fileRef = 9F4551C727E4B81500836030 /* TaskListController.swift */; };
		9F4551CB27E4C61300836030 /* TaskViewCell.swift in Sources */ = {isa = PBXBuildFile; fileRef = 9F4551CA27E4C61300836030 /* TaskViewCell.swift */; };
		9F4551CE27E7467E00836030 /* Task.swift in Sources */ = {isa = PBXBuildFile; fileRef = 9F4551CD27E7467E00836030 /* Task.swift */; };
/* End PBXBuildFile section */

/* Begin PBXFileReference section */
		9F4551A627E4B5D500836030 /* ToDoList.app */ = {isa = PBXFileReference; explicitFileType = wrapper.application; includeInIndex = 0; path = ToDoList.app; sourceTree = BUILT_PRODUCTS_DIR; };
		9F4551A927E4B5D500836030 /* AppDelegate.swift */ = {isa = PBXFileReference; lastKnownFileType = sourcecode.swift; path = AppDelegate.swift; sourceTree = "<group>"; };
		9F4551AB27E4B5D500836030 /* SceneDelegate.swift */ = {isa = PBXFileReference; lastKnownFileType = sourcecode.swift; path = SceneDelegate.swift; sourceTree = "<group>"; };
		9F4551B027E4B5D500836030 /* Base */ = {isa = PBXFileReference; lastKnownFileType = file.storyboard; name = Base; path = Base.lproj/Main.storyboard; sourceTree = "<group>"; };
		9F4551B327E4B5D500836030 /* ToDoList.xcdatamodel */ = {isa = PBXFileReference; lastKnownFileType = wrapper.xcdatamodel; path = ToDoList.xcdatamodel; sourceTree = "<group>"; };
		9F4551B527E4B5D600836030 /* Assets.xcassets */ = {isa = PBXFileReference; lastKnownFileType = folder.assetcatalog; path = Assets.xcassets; sourceTree = "<group>"; };
		9F4551B827E4B5D600836030 /* Base */ = {isa = PBXFileReference; lastKnownFileType = file.storyboard; name = Base; path = Base.lproj/LaunchScreen.storyboard; sourceTree = "<group>"; };
		9F4551BA27E4B5D600836030 /* Info.plist */ = {isa = PBXFileReference; lastKnownFileType = text.plist.xml; path = Info.plist; sourceTree = "<group>"; };
		9F4551C727E4B81500836030 /* TaskListController.swift */ = {isa = PBXFileReference; lastKnownFileType = sourcecode.swift; path = TaskListController.swift; sourceTree = "<group>"; };
		9F4551CA27E4C61300836030 /* TaskViewCell.swift */ = {isa = PBXFileReference; lastKnownFileType = sourcecode.swift; path = TaskViewCell.swift; sourceTree = "<group>"; };
		9F4551CD27E7467E00836030 /* Task.swift */ = {isa = PBXFileReference; lastKnownFileType = sourcecode.swift; path = Task.swift; sourceTree = "<group>"; };
/* End PBXFileReference section */

/* Begin PBXFrameworksBuildPhase section */
		9F4551A327E4B5D500836030 /* Frameworks */ = {
			isa = PBXFrameworksBuildPhase;
			buildActionMask = 2147483647;
			files = (
			);
			runOnlyForDeploymentPostprocessing = 0;
		};
/* End PBXFrameworksBuildPhase section */

/* Begin PBXGroup section */
		9F45519D27E4B5D500836030 = {
			isa = PBXGroup;
			children = (
				9F4551A827E4B5D500836030 /* ToDoList */,
				9F4551A727E4B5D500836030 /* Products */,
			);
			sourceTree = "<group>";
		};
		9F4551A727E4B5D500836030 /* Products */ = {
			isa = PBXGroup;
			children = (
				9F4551A627E4B5D500836030 /* ToDoList.app */,
			);
			name = Products;
			sourceTree = "<group>";
		};
		9F4551A827E4B5D500836030 /* ToDoList */ = {
			isa = PBXGroup;
			children = (
				9F4551CC27E7465C00836030 /* Model */,
				9F4551C927E4C5FB00836030 /* Cells */,
				9F4551C327E4B6FE00836030 /* Supporting Files */,
				9F4551C427E4B71000836030 /* Views Controllers */,
				9F4551C527E4B72000836030 /* Storyboards */,
				9F4551C227E4B6D100836030 /* Resources */,
				9F4551C627E4B77100836030 /* CoreData */,
			);
			path = ToDoList;
			sourceTree = "<group>";
		};
		9F4551C227E4B6D100836030 /* Resources */ = {
			isa = PBXGroup;
			children = (
				9F4551B527E4B5D600836030 /* Assets.xcassets */,
			);
			path = Resources;
			sourceTree = "<group>";
		};
		9F4551C327E4B6FE00836030 /* Supporting Files */ = {
			isa = PBXGroup;
			children = (
				9F4551A927E4B5D500836030 /* AppDelegate.swift */,
				9F4551AB27E4B5D500836030 /* SceneDelegate.swift */,
				9F4551BA27E4B5D600836030 /* Info.plist */,
			);
			path = "Supporting Files";
			sourceTree = "<group>";
		};
		9F4551C427E4B71000836030 /* Views Controllers */ = {
			isa = PBXGroup;
			children = (
				9F4551C727E4B81500836030 /* TaskListController.swift */,
			);
			path = "Views Controllers";
			sourceTree = "<group>";
		};
		9F4551C527E4B72000836030 /* Storyboards */ = {
			isa = PBXGroup;
			children = (
				9F4551AF27E4B5D500836030 /* Main.storyboard */,
				9F4551B727E4B5D600836030 /* LaunchScreen.storyboard */,
			);
			path = Storyboards;
			sourceTree = "<group>";
		};
		9F4551C627E4B77100836030 /* CoreData */ = {
			isa = PBXGroup;
			children = (
				9F4551B227E4B5D500836030 /* ToDoList.xcdatamodeld */,
			);
			path = CoreData;
			sourceTree = "<group>";
		};
		9F4551C927E4C5FB00836030 /* Cells */ = {
			isa = PBXGroup;
			children = (
				9F4551CA27E4C61300836030 /* TaskViewCell.swift */,
			);
			path = Cells;
			sourceTree = "<group>";
		};
		9F4551CC27E7465C00836030 /* Model */ = {
			isa = PBXGroup;
			children = (
				9F4551CD27E7467E00836030 /* Task.swift */,
			);
			path = Model;
			sourceTree = "<group>";
		};
/* End PBXGroup section */

/* Begin PBXNativeTarget section */
		9F4551A527E4B5D500836030 /* ToDoList */ = {
			isa = PBXNativeTarget;
			buildConfigurationList = 9F4551BD27E4B5D600836030 /* Build configuration list for PBXNativeTarget "ToDoList" */;
			buildPhases = (
				9F4551A227E4B5D500836030 /* Sources */,
				9F4551A327E4B5D500836030 /* Frameworks */,
				9F4551A427E4B5D500836030 /* Resources */,
			);
			buildRules = (
			);
			dependencies = (
			);
			name = ToDoList;
			productName = ToDoList;
			productReference = 9F4551A627E4B5D500836030 /* ToDoList.app */;
			productType = "com.apple.product-type.application";
		};
/* End PBXNativeTarget section */

/* Begin PBXProject section */
		9F45519E27E4B5D500836030 /* Project object */ = {
			isa = PBXProject;
			attributes = {
				BuildIndependentTargetsInParallel = 1;
				LastSwiftUpdateCheck = 1300;
				LastUpgradeCheck = 1300;
				TargetAttributes = {
					9F4551A527E4B5D500836030 = {
						CreatedOnToolsVersion = 13.0;
					};
				};
			};
			buildConfigurationList = 9F4551A127E4B5D500836030 /* Build configuration list for PBXProject "ToDoList" */;
			compatibilityVersion = "Xcode 13.0";
			developmentRegion = en;
			hasScannedForEncodings = 0;
			knownRegions = (
				en,
				Base,
			);
			mainGroup = 9F45519D27E4B5D500836030;
			productRefGroup = 9F4551A727E4B5D500836030 /* Products */;
			projectDirPath = "";
			projectRoot = "";
			targets = (
				9F4551A527E4B5D500836030 /* ToDoList */,
			);
		};
/* End PBXProject section */

/* Begin PBXResourcesBuildPhase section */
		9F4551A427E4B5D500836030 /* Resources */ = {
			isa = PBXResourcesBuildPhase;
			buildActionMask = 2147483647;
			files = (
				9F4551B927E4B5D600836030 /* LaunchScreen.storyboard in Resources */,
				9F4551B627E4B5D600836030 /* Assets.xcassets in Resources */,
				9F4551B127E4B5D500836030 /* Main.storyboard in Resources */,
			);
			runOnlyForDeploymentPostprocessing = 0;
		};
/* End PBXResourcesBuildPhase section */

/* Begin PBXSourcesBuildPhase section */
		9F4551A227E4B5D500836030 /* Sources */ = {
			isa = PBXSourcesBuildPhase;
			buildActionMask = 2147483647;
			files = (
				9F4551AA27E4B5D500836030 /* AppDelegate.swift in Sources */,
				9F4551AC27E4B5D500836030 /* SceneDelegate.swift in Sources */,
				9F4551CB27E4C61300836030 /* TaskViewCell.swift in Sources */,
				9F4551C827E4B81500836030 /* TaskListController.swift in Sources */,
				9F4551CE27E7467E00836030 /* Task.swift in Sources */,
				9F4551B427E4B5D500836030 /* ToDoList.xcdatamodeld in Sources */,
			);
			runOnlyForDeploymentPostprocessing = 0;
		};
/* End PBXSourcesBuildPhase section */

/* Begin PBXVariantGroup section */
		9F4551AF27E4B5D500836030 /* Main.storyboard */ = {
			isa = PBXVariantGroup;
			children = (
				9F4551B027E4B5D500836030 /* Base */,
			);
			name = Main.storyboard;
			sourceTree = "<group>";
		};
		9F4551B727E4B5D600836030 /* LaunchScreen.storyboard */ = {
			isa = PBXVariantGroup;
			children = (
				9F4551B827E4B5D600836030 /* Base */,
			);
			name = LaunchScreen.storyboard;
			sourceTree = "<group>";
		};
/* End PBXVariantGroup section */

/* Begin XCBuildConfiguration section */
		9F4551BB27E4B5D600836030 /* Debug */ = {
			isa = XCBuildConfiguration;
			buildSettings = {
				ALWAYS_SEARCH_USER_PATHS = NO;
				CLANG_ANALYZER_NONNULL = YES;
				CLANG_ANALYZER_NUMBER_OBJECT_CONVERSION = YES_AGGRESSIVE;
				CLANG_CXX_LANGUAGE_STANDARD = "gnu++14";
				CLANG_CXX_LIBRARY = "libc++";
				CLANG_ENABLE_MODULES = YES;
				CLANG_ENABLE_OBJC_ARC = YES;
				CLANG_ENABLE_OBJC_WEAK = YES;
				CLANG_WARN_BLOCK_CAPTURE_AUTORELEASING = YES;
				CLANG_WARN_BOOL_CONVERSION = YES;
				CLANG_WARN_COMMA = YES;
				CLANG_WARN_CONSTANT_CONVERSION = YES;
				CLANG_WARN_DEPRECATED_OBJC_IMPLEMENTATIONS = YES;
				CLANG_WARN_DIRECT_OBJC_ISA_USAGE = YES_ERROR;
				CLANG_WARN_DOCUMENTATION_COMMENTS = YES;
				CLANG_WARN_EMPTY_BODY = YES;
				CLANG_WARN_ENUM_CONVERSION = YES;
				CLANG_WARN_INFINITE_RECURSION = YES;
				CLANG_WARN_INT_CONVERSION = YES;
				CLANG_WARN_NON_LITERAL_NULL_CONVERSION = YES;
				CLANG_WARN_OBJC_IMPLICIT_RETAIN_SELF = YES;
				CLANG_WARN_OBJC_LITERAL_CONVERSION = YES;
				CLANG_WARN_OBJC_ROOT_CLASS = YES_ERROR;
				CLANG_WARN_QUOTED_INCLUDE_IN_FRAMEWORK_HEADER = YES;
				CLANG_WARN_RANGE_LOOP_ANALYSIS = YES;
				CLANG_WARN_STRICT_PROTOTYPES = YES;
				CLANG_WARN_SUSPICIOUS_MOVE = YES;
				CLANG_WARN_UNGUARDED_AVAILABILITY = YES_AGGRESSIVE;
				CLANG_WARN_UNREACHABLE_CODE = YES;
				CLANG_WARN__DUPLICATE_METHOD_MATCH = YES;
				COPY_PHASE_STRIP = NO;
				DEBUG_INFORMATION_FORMAT = dwarf;
				ENABLE_STRICT_OBJC_MSGSEND = YES;
				ENABLE_TESTABILITY = YES;
				GCC_C_LANGUAGE_STANDARD = gnu11;
				GCC_DYNAMIC_NO_PIC = NO;
				GCC_NO_COMMON_BLOCKS = YES;
				GCC_OPTIMIZATION_LEVEL = 0;
				GCC_PREPROCESSOR_DEFINITIONS = (
					"DEBUG=1",
					"$(inherited)",
				);
				GCC_WARN_64_TO_32_BIT_CONVERSION = YES;
				GCC_WARN_ABOUT_RETURN_TYPE = YES_ERROR;
				GCC_WARN_UNDECLARED_SELECTOR = YES;
				GCC_WARN_UNINITIALIZED_AUTOS = YES_AGGRESSIVE;
				GCC_WARN_UNUSED_FUNCTION = YES;
				GCC_WARN_UNUSED_VARIABLE = YES;
				IPHONEOS_DEPLOYMENT_TARGET = 15.0;
				MTL_ENABLE_DEBUG_INFO = INCLUDE_SOURCE;
				MTL_FAST_MATH = YES;
				ONLY_ACTIVE_ARCH = YES;
				SDKROOT = iphoneos;
				SWIFT_ACTIVE_COMPILATION_CONDITIONS = DEBUG;
				SWIFT_OPTIMIZATION_LEVEL = "-Onone";
			};
			name = Debug;
		};
		9F4551BC27E4B5D600836030 /* Release */ = {
			isa = XCBuildConfiguration;
			buildSettings = {
				ALWAYS_SEARCH_USER_PATHS = NO;
				CLANG_ANALYZER_NONNULL = YES;
				CLANG_ANALYZER_NUMBER_OBJECT_CONVERSION = YES_AGGRESSIVE;
				CLANG_CXX_LANGUAGE_STANDARD = "gnu++14";
				CLANG_CXX_LIBRARY = "libc++";
				CLANG_ENABLE_MODULES = YES;
				CLANG_ENABLE_OBJC_ARC = YES;
				CLANG_ENABLE_OBJC_WEAK = YES;
				CLANG_WARN_BLOCK_CAPTURE_AUTORELEASING = YES;
				CLANG_WARN_BOOL_CONVERSION = YES;
				CLANG_WARN_COMMA = YES;
				CLANG_WARN_CONSTANT_CONVERSION = YES;
				CLANG_WARN_DEPRECATED_OBJC_IMPLEMENTATIONS = YES;
				CLANG_WARN_DIRECT_OBJC_ISA_USAGE = YES_ERROR;
				CLANG_WARN_DOCUMENTATION_COMMENTS = YES;
				CLANG_WARN_EMPTY_BODY = YES;
				CLANG_WARN_ENUM_CONVERSION = YES;
				CLANG_WARN_INFINITE_RECURSION = YES;
				CLANG_WARN_INT_CONVERSION = YES;
				CLANG_WARN_NON_LITERAL_NULL_CONVERSION = YES;
				CLANG_WARN_OBJC_IMPLICIT_RETAIN_SELF = YES;
				CLANG_WARN_OBJC_LITERAL_CONVERSION = YES;
				CLANG_WARN_OBJC_ROOT_CLASS = YES_ERROR;
				CLANG_WARN_QUOTED_INCLUDE_IN_FRAMEWORK_HEADER = YES;
				CLANG_WARN_RANGE_LOOP_ANALYSIS = YES;
				CLANG_WARN_STRICT_PROTOTYPES = YES;
				CLANG_WARN_SUSPICIOUS_MOVE = YES;
				CLANG_WARN_UNGUARDED_AVAILABILITY = YES_AGGRESSIVE;
				CLANG_WARN_UNREACHABLE_CODE = YES;
				CLANG_WARN__DUPLICATE_METHOD_MATCH = YES;
				COPY_PHASE_STRIP = NO;
				DEBUG_INFORMATION_FORMAT = "dwarf-with-dsym";
				ENABLE_NS_ASSERTIONS = NO;
				ENABLE_STRICT_OBJC_MSGSEND = YES;
				GCC_C_LANGUAGE_STANDARD = gnu11;
				GCC_NO_COMMON_BLOCKS = YES;
				GCC_WARN_64_TO_32_BIT_CONVERSION = YES;
				GCC_WARN_ABOUT_RETURN_TYPE = YES_ERROR;
				GCC_WARN_UNDECLARED_SELECTOR = YES;
				GCC_WARN_UNINITIALIZED_AUTOS = YES_AGGRESSIVE;
				GCC_WARN_UNUSED_FUNCTION = YES;
				GCC_WARN_UNUSED_VARIABLE = YES;
				IPHONEOS_DEPLOYMENT_TARGET = 15.0;
				MTL_ENABLE_DEBUG_INFO = NO;
				MTL_FAST_MATH = YES;
				SDKROOT = iphoneos;
				SWIFT_COMPILATION_MODE = wholemodule;
				SWIFT_OPTIMIZATION_LEVEL = "-O";
				VALIDATE_PRODUCT = YES;
			};
			name = Release;
		};
		9F4551BE27E4B5D600836030 /* Debug */ = {
			isa = XCBuildConfiguration;
			buildSettings = {
				ASSETCATALOG_COMPILER_APPICON_NAME = AppIcon;
				ASSETCATALOG_COMPILER_GLOBAL_ACCENT_COLOR_NAME = AccentColor;
				CODE_SIGN_STYLE = Automatic;
				CURRENT_PROJECT_VERSION = 1;
				DEVELOPMENT_TEAM = 96QG56R7V3;
				GENERATE_INFOPLIST_FILE = YES;
				INFOPLIST_FILE = "ToDoList/Supporting Files/Info.plist";
				INFOPLIST_KEY_CFBundleExecutable = ToDoList;
				INFOPLIST_KEY_CFBundleName = ToDoList;
				INFOPLIST_KEY_CFBundleVersion = 1;
				INFOPLIST_KEY_UIApplicationSupportsIndirectInputEvents = YES;
				INFOPLIST_KEY_UILaunchStoryboardName = LaunchScreen;
				INFOPLIST_KEY_UIMainStoryboardFile = Main;
				INFOPLIST_KEY_UISupportedInterfaceOrientations = UIInterfaceOrientationPortrait;
				INFOPLIST_KEY_UISupportedInterfaceOrientations_iPad = "UIInterfaceOrientationPortrait UIInterfaceOrientationPortraitUpsideDown UIInterfaceOrientationLandscapeLeft UIInterfaceOrientationLandscapeRight";
				INFOPLIST_KEY_UISupportedInterfaceOrientations_iPhone = "UIInterfaceOrientationPortrait UIInterfaceOrientationLandscapeLeft UIInterfaceOrientationLandscapeRight";
				LD_RUNPATH_SEARCH_PATHS = (
					"$(inherited)",
					"@executable_path/Frameworks",
				);
				MARKETING_VERSION = 1.0;
				PRODUCT_BUNDLE_IDENTIFIER = LyubovMenshikova.ToDoList;
				PRODUCT_NAME = "$(TARGET_NAME)";
				SWIFT_EMIT_LOC_STRINGS = YES;
				SWIFT_VERSION = 5.0;
				TARGETED_DEVICE_FAMILY = 1;
			};
			name = Debug;
		};
		9F4551BF27E4B5D600836030 /* Release */ = {
			isa = XCBuildConfiguration;
			buildSettings = {
				ASSETCATALOG_COMPILER_APPICON_NAME = AppIcon;
				ASSETCATALOG_COMPILER_GLOBAL_ACCENT_COLOR_NAME = AccentColor;
				CODE_SIGN_STYLE = Automatic;
				CURRENT_PROJECT_VERSION = 1;
				DEVELOPMENT_TEAM = 96QG56R7V3;
				GENERATE_INFOPLIST_FILE = YES;
				INFOPLIST_FILE = "ToDoList/Supporting Files/Info.plist";
				INFOPLIST_KEY_CFBundleExecutable = ToDoList;
				INFOPLIST_KEY_CFBundleName = ToDoList;
				INFOPLIST_KEY_CFBundleVersion = 1;
				INFOPLIST_KEY_UIApplicationSupportsIndirectInputEvents = YES;
				INFOPLIST_KEY_UILaunchStoryboardName = LaunchScreen;
				INFOPLIST_KEY_UIMainStoryboardFile = Main;
				INFOPLIST_KEY_UISupportedInterfaceOrientations = UIInterfaceOrientationPortrait;
				INFOPLIST_KEY_UISupportedInterfaceOrientations_iPad = "UIInterfaceOrientationPortrait UIInterfaceOrientationPortraitUpsideDown UIInterfaceOrientationLandscapeLeft UIInterfaceOrientationLandscapeRight";
				INFOPLIST_KEY_UISupportedInterfaceOrientations_iPhone = "UIInterfaceOrientationPortrait UIInterfaceOrientationLandscapeLeft UIInterfaceOrientationLandscapeRight";
				LD_RUNPATH_SEARCH_PATHS = (
					"$(inherited)",
					"@executable_path/Frameworks",
				);
				MARKETING_VERSION = 1.0;
				PRODUCT_BUNDLE_IDENTIFIER = LyubovMenshikova.ToDoList;
				PRODUCT_NAME = "$(TARGET_NAME)";
				SWIFT_EMIT_LOC_STRINGS = YES;
				SWIFT_VERSION = 5.0;
				TARGETED_DEVICE_FAMILY = 1;
			};
			name = Release;
		};
/* End XCBuildConfiguration section */

/* Begin XCConfigurationList section */
		9F4551A127E4B5D500836030 /* Build configuration list for PBXProject "ToDoList" */ = {
			isa = XCConfigurationList;
			buildConfigurations = (
				9F4551BB27E4B5D600836030 /* Debug */,
				9F4551BC27E4B5D600836030 /* Release */,
			);
			defaultConfigurationIsVisible = 0;
			defaultConfigurationName = Release;
		};
		9F4551BD27E4B5D600836030 /* Build configuration list for PBXNativeTarget "ToDoList" */ = {
			isa = XCConfigurationList;
			buildConfigurations = (
				9F4551BE27E4B5D600836030 /* Debug */,
				9F4551BF27E4B5D600836030 /* Release */,
			);
			defaultConfigurationIsVisible = 0;
			defaultConfigurationName = Release;
		};
/* End XCConfigurationList section */

/* Begin XCVersionGroup section */
		9F4551B227E4B5D500836030 /* ToDoList.xcdatamodeld */ = {
			isa = XCVersionGroup;
			children = (
				9F4551B327E4B5D500836030 /* ToDoList.xcdatamodel */,
			);
			currentVersion = 9F4551B327E4B5D500836030 /* ToDoList.xcdatamodel */;
			path = ToDoList.xcdatamodeld;
			sourceTree = "<group>";
			versionGroupType = wrapper.xcdatamodel;
		};
/* End XCVersionGroup section */
	};
	rootObject = 9F45519E27E4B5D500836030 /* Project object */;
}
